
Microsoft Visual Studio Solution File, Format Version 12.00
# Visual Studio Version 17
VisualStudioVersion = 17.7.34018.315
MinimumVisualStudioVersion = 10.0.40219.1
Project("{FAE04EC0-301F-11D3-BF4B-00C04F79EFBC}") = "BuberBreakfast", "BuberBreakfast\BuberBreakfast.csproj", "{881E641C-DDBC-4A4E-8DF0-150A2B2934A0}"
EndProject
Project("{FAE04EC0-301F-11D3-BF4B-00C04F79EFBC}") = "BuberBreakfastContracts", "BuberBreakfastContracts\BuberBreakfastContracts.csproj", "{E2C5BC2B-71EC-4083-9042-FFAB92B1E9FC}"
EndProject
Global
	GlobalSection(SolutionConfigurationPlatforms) = preSolution
		Debug|Any CPU = Debug|Any CPU
		Release|Any CPU = Release|Any CPU
	EndGlobalSection
	GlobalSection(ProjectConfigurationPlatforms) = postSolution
		{881E641C-DDBC-4A4E-8DF0-150A2B2934A0}.Debug|Any CPU.ActiveCfg = Debug|Any CPU
		{881E641C-DDBC-4A4E-8DF0-150A2B2934A0}.Debug|Any CPU.Build.0 = Debug|Any CPU
		{881E641C-DDBC-4A4E-8DF0-150A2B2934A0}.Release|Any CPU.ActiveCfg = Release|Any CPU
		{881E641C-DDBC-4A4E-8DF0-150A2B2934A0}.Release|Any CPU.Build.0 = Release|Any CPU
		{E2C5BC2B-71EC-4083-9042-FFAB92B1E9FC}.Debug|Any CPU.ActiveCfg = Debug|Any CPU
		{E2C5BC2B-71EC-4083-9042-FFAB92B1E9FC}.Debug|Any CPU.Build.0 = Debug|Any CPU
		{E2C5BC2B-71EC-4083-9042-FFAB92B1E9FC}.Release|Any CPU.ActiveCfg = Release|Any CPU
		{E2C5BC2B-71EC-4083-9042-FFAB92B1E9FC}.Release|Any CPU.Build.0 = Release|Any CPU
	EndGlobalSection
	GlobalSection(SolutionProperties) = preSolution
		HideSolutionNode = FALSE
	EndGlobalSection
	GlobalSection(ExtensibilityGlobals) = postSolution
		SolutionGuid = {E64D1AF5-9587-4B78-8DE9-C32560901BDA}
	EndGlobalSection
EndGlobal
